{
  "name": "_verify",
  "lockfileVersion": 3,
  "requires": true,
  "packages": {
    "": {
      "dependencies": {
        "@ruby/3.3-wasm-wasi": "^2.6.2",
        "@ruby/wasm-wasi": "^2.6.2",
        "sql.js": "^1.10.3",
        "typescript": "^5.4.5",
        "wasmoon": "^1.16.0"
      }
    },
    "node_modules/@bjorn3/browser_wasi_shim": {
      "version": "0.3.0",
      "resolved": "https://registry.npmjs.org/@bjorn3/browser_wasi_shim/-/browser_wasi_shim-0.3.0.tgz",
      "integrity": "sha512-FlRBYttPRLcWORzBe6g8nmYTafBkOEFeOqMYM4tAHJzFsQy4+xJA94z85a9BCs8S+Uzfh9LrkpII7DXr2iUVFg==",
      "license": "MIT OR Apache-2.0"
    },
    "node_modules/@ruby/3.3-wasm-wasi": {
      "version": "2.6.2",
      "resolved": "https://registry.npmjs.org/@ruby/3.3-wasm-wasi/-/3.3-wasm-wasi-2.6.2.tgz",
      "integrity": "sha512-HyJ3nIlciQ1FnF2RBKEHwMKtCzgbD1EjCxiCFntpoN6VLAVZNJe/uTsTj4XZRcUPov272fg33YERhiu/abtffQ==",
      "license": "MIT",
      "dependencies": {
        "@ruby/wasm-wasi": "^2.0.0"
      }
    },
    "node_modules/@ruby/wasm-wasi": {
      "version": "2.6.2",
      "resolved": "https://registry.npmjs.org/@ruby/wasm-wasi/-/wasm-wasi-2.6.2.tgz",
      "integrity": "sha512-+y8uCYbtvDZZEU8VxM9JX6KoZJTvfmcEhRTIXdkxXwp/NFR7EE21pBEVYU+zzhCyKxRbmXp83BeTAYZuxe++HQ==",
      "license": "MIT",
      "dependencies": {
        "@bjorn3/browser_wasi_shim": "^0.3.0",
        "tslib": "^2.6.3"
      }
    },
    "node_modules/@types/emscripten": {
      "version": "1.39.10",
      "resolved": "https://registry.npmjs.org/@types/emscripten/-/emscripten-1.39.10.tgz",
      "integrity": "sha512-TB/6hBkYQJxsZHSqyeuO1Jt0AB/bW6G7rHt9g7lML7SOF6lbgcHvw/Lr+69iqN0qxgXLhWKScAon73JNnptuDw==",
      "license": "MIT"
    },
    "node_modules/sql.js": {
      "version": "1.10.3",
      "resolved": "https://registry.npmjs.org/sql.js/-/sql.js-1.10.3.tgz",
      "integrity": "sha512-H46aWtQkdyjZwFQgraUruy5h/DyJBbAK3EA/WEMqiqF6PGPfKBSKBj/er3dVyYqVIoYfRf5TFM/loEjtQIrqJg==",
      "license": "MIT"
    },
    "node_modules/tslib": {
      "version": "2.8.1",
      "resolved": "https://registry.npmjs.org/tslib/-/tslib-2.8.1.tgz",
      "integrity": "sha512-oJFu94HQb+KVduSUQL7wnpmqnfmLsOA/nAh6b6EH0wCEoK0/mPeXU6c3wKDV83MkOuHPRHtSXKKU99IBazS/2w==",
      "license": "0BSD"
    },
    "node_modules/typescript": {
      "version": "5.4.5",
      "resolved": "https://registry.npmjs.org/typescript/-/typescript-5.4.5.tgz",
      "integrity": "sha512-vcI4UpRgg81oIRUFwR0WSIHKt11nJ7SAVlYNIu+QpqeyXP+gpQJy/Z4+F0aGxSE4MqwjyXvW/TzgkLAx2AGHwQ==",
      "license": "Apache-2.0",
      "bin": {
        "tsc": "bin/tsc",
        "tsserver": "bin/tsserver"
      },
      "engines": {
        "node": ">=14.17"
      }
    },
    "node_modules/wasmoon": {
      "version": "1.16.0",
      "resolved": "https://registry.npmjs.org/wasmoon/-/wasmoon-1.16.0.tgz",
      "integrity": "sha512-FlRLb15WwAOz1A9OQDbf6oOKKSiefi5VK0ZRF2wgH9xk3o5SnU11tNPaOnQuAh1Ucr66cwwvVXaeVRaFdRBt5g==",
      "license": "MIT",
      "dependencies": {
        "@types/emscripten": "1.39.10"
      },
      "bin": {
        "wasmoon": "bin/wasmoon"
      }
    }
  }
}
